// !$*UTF8*$!
{
	archiveVersion = 1;
	classes = {
	};
	objectVersion = 46;
	objects = {

/* Begin PBXBuildFile section */
		7D2D7C301E92FB00006E46D6 /* TypeExtensions.swift in Sources */ = {isa = PBXBuildFile; fileRef = 7D2D7C2F1E92FB00006E46D6 /* TypeExtensions.swift */; };
		A71B746F1EA4FD73003B28C1 /* InstructionsVC.swift in Sources */ = {isa = PBXBuildFile; fileRef = A71B746E1EA4FD73003B28C1 /* InstructionsVC.swift */; };
		A74695A81E929EF400C18CC1 /* GoogleService-Info.plist in Resources */ = {isa = PBXBuildFile; fileRef = A74695A71E929EF400C18CC1 /* GoogleService-Info.plist */; };
		A74695AB1E92A14E00C18CC1 /* Secrets.swift in Sources */ = {isa = PBXBuildFile; fileRef = A74695AA1E92A14E00C18CC1 /* Secrets.swift */; };
		A74695AD1E92A58B00C18CC1 /* FBSDKLoginKit.framework in Frameworks */ = {isa = PBXBuildFile; fileRef = A74695AC1E92A58B00C18CC1 /* FBSDKLoginKit.framework */; };
		A74695B31E92AE3D00C18CC1 /* LoginVC.swift in Sources */ = {isa = PBXBuildFile; fileRef = A74695B21E92AE3D00C18CC1 /* LoginVC.swift */; };
		A74695B51E92B33900C18CC1 /* HomeVC.swift in Sources */ = {isa = PBXBuildFile; fileRef = A74695B41E92B33900C18CC1 /* HomeVC.swift */; };
		A7B426661E93E11300FF9352 /* Player.swift in Sources */ = {isa = PBXBuildFile; fileRef = A7B426651E93E11300FF9352 /* Player.swift */; };
		A7B426681E93E12100FF9352 /* FirebaseManager.swift in Sources */ = {isa = PBXBuildFile; fileRef = A7B426671E93E12100FF9352 /* FirebaseManager.swift */; };
		A7B4266A1E93E12C00FF9352 /* WatsonAPIClient.swift in Sources */ = {isa = PBXBuildFile; fileRef = A7B426691E93E12C00FF9352 /* WatsonAPIClient.swift */; };
		A7B4266E1E93EA1500FF9352 /* NewGameVC.swift in Sources */ = {isa = PBXBuildFile; fileRef = A7B4266D1E93EA1500FF9352 /* NewGameVC.swift */; };
		A7B426701E940A9600FF9352 /* FacebookManager.swift in Sources */ = {isa = PBXBuildFile; fileRef = A7B4266F1E940A9600FF9352 /* FacebookManager.swift */; };
		A7B426721E940C5B00FF9352 /* FacebookUser.swift in Sources */ = {isa = PBXBuildFile; fileRef = A7B426711E940C5B00FF9352 /* FacebookUser.swift */; };
		A7B426741E9418CA00FF9352 /* FacebookFriendCell.swift in Sources */ = {isa = PBXBuildFile; fileRef = A7B426731E9418CA00FF9352 /* FacebookFriendCell.swift */; };
		A7DF61381E9CF4CB0050C52E /* bellerose.ttf in Resources */ = {isa = PBXBuildFile; fileRef = A7DF61321E9CF4CB0050C52E /* bellerose.ttf */; };
		A7DF61391E9CF4CB0050C52E /* fabian.ttf in Resources */ = {isa = PBXBuildFile; fileRef = A7DF61331E9CF4CB0050C52E /* fabian.ttf */; };
		A7DF613A1E9CF4CB0050C52E /* city.gif in Resources */ = {isa = PBXBuildFile; fileRef = A7DF61351E9CF4CB0050C52E /* city.gif */; };
		A7DF613B1E9CF4CB0050C52E /* highway.gif in Resources */ = {isa = PBXBuildFile; fileRef = A7DF61361E9CF4CB0050C52E /* highway.gif */; };
		A7DF613C1E9CF4CB0050C52E /* tropical.gif in Resources */ = {isa = PBXBuildFile; fileRef = A7DF61371E9CF4CB0050C52E /* tropical.gif */; };
		A7DF613E1E9D4CCE0050C52E /* AppController.swift in Sources */ = {isa = PBXBuildFile; fileRef = A7DF613D1E9D4CCE0050C52E /* AppController.swift */; };
		A7F098BB1E929B0C00BF3FAB /* AppDelegate.swift in Sources */ = {isa = PBXBuildFile; fileRef = A7F098BA1E929B0C00BF3FAB /* AppDelegate.swift */; };
		A7F098C01E929B0C00BF3FAB /* Main.storyboard in Resources */ = {isa = PBXBuildFile; fileRef = A7F098BE1E929B0C00BF3FAB /* Main.storyboard */; };
		A7F098C21E929B0C00BF3FAB /* Assets.xcassets in Resources */ = {isa = PBXBuildFile; fileRef = A7F098C11E929B0C00BF3FAB /* Assets.xcassets */; };
		A7F098C51E929B0C00BF3FAB /* LaunchScreen.storyboard in Resources */ = {isa = PBXBuildFile; fileRef = A7F098C31E929B0C00BF3FAB /* LaunchScreen.storyboard */; };
		BEAA057C1E9534960024DE2F /* BoardCollectionVC.swift in Sources */ = {isa = PBXBuildFile; fileRef = BEAA057B1E9534960024DE2F /* BoardCollectionVC.swift */; };
		CA853300FC966A4B5328B33B /* Pods_HighwayBingo.framework in Frameworks */ = {isa = PBXBuildFile; fileRef = 01EC9F0729B09753776D98D0 /* Pods_HighwayBingo.framework */; };
		F022953C1E953BD8003247E1 /* BingoCollectionViewCell.swift in Sources */ = {isa = PBXBuildFile; fileRef = F022953B1E953BD8003247E1 /* BingoCollectionViewCell.swift */; };
		F02AB1AB1E92EC50006EE15C /* ImageVC.swift in Sources */ = {isa = PBXBuildFile; fileRef = F02AB1AA1E92EC50006EE15C /* ImageVC.swift */; };
		F05B49B11E97D67C000EA57B /* PlayerCell.swift in Sources */ = {isa = PBXBuildFile; fileRef = F05B49B01E97D67C000EA57B /* PlayerCell.swift */; };
		F063AC601E9E78B90030FBE4 /* PlayerPhoto.swift in Sources */ = {isa = PBXBuildFile; fileRef = F063AC5F1E9E78B90030FBE4 /* PlayerPhoto.swift */; };
		F09B0F5E1E96D62700F8828E /* GameOverviewVC.swift in Sources */ = {isa = PBXBuildFile; fileRef = F09B0F5D1E96D62700F8828E /* GameOverviewVC.swift */; };
		F0FC47531E95912700538C3C /* Board.swift in Sources */ = {isa = PBXBuildFile; fileRef = F0FC47511E95912700538C3C /* Board.swift */; };
		F0FC47541E95912700538C3C /* Game.swift in Sources */ = {isa = PBXBuildFile; fileRef = F0FC47521E95912700538C3C /* Game.swift */; };
		F0FC47561E95917800538C3C /* DataStore.swift in Sources */ = {isa = PBXBuildFile; fileRef = F0FC47551E95917800538C3C /* DataStore.swift */; };
		F0FC47591E95918400538C3C /* PlayingGame.swift in Sources */ = {isa = PBXBuildFile; fileRef = F0FC47581E95918400538C3C /* PlayingGame.swift */; };
		F0FC4B4B1E969CC900538C3C /* Messages.swift in Sources */ = {isa = PBXBuildFile; fileRef = F0FC4B4A1E969CC900538C3C /* Messages.swift */; };
		F0FC4B4D1E969CDA00538C3C /* MessageModal.swift in Sources */ = {isa = PBXBuildFile; fileRef = F0FC4B4C1E969CDA00538C3C /* MessageModal.swift */; };
/* End PBXBuildFile section */

/* Begin PBXFileReference section */
		01EC9F0729B09753776D98D0 /* Pods_HighwayBingo.framework */ = {isa = PBXFileReference; explicitFileType = wrapper.framework; includeInIndex = 0; path = Pods_HighwayBingo.framework; sourceTree = BUILT_PRODUCTS_DIR; };
		074ED3FCE8F94180214CACFC /* Pods-HighwayBingo.release.xcconfig */ = {isa = PBXFileReference; includeInIndex = 1; lastKnownFileType = text.xcconfig; name = "Pods-HighwayBingo.release.xcconfig"; path = "Pods/Target Support Files/Pods-HighwayBingo/Pods-HighwayBingo.release.xcconfig"; sourceTree = "<group>"; };
		147540FFA226930511475AE7 /* Pods-HighwayBingo.debug.xcconfig */ = {isa = PBXFileReference; includeInIndex = 1; lastKnownFileType = text.xcconfig; name = "Pods-HighwayBingo.debug.xcconfig"; path = "Pods/Target Support Files/Pods-HighwayBingo/Pods-HighwayBingo.debug.xcconfig"; sourceTree = "<group>"; };
		7D2D7C2F1E92FB00006E46D6 /* TypeExtensions.swift */ = {isa = PBXFileReference; fileEncoding = 4; lastKnownFileType = sourcecode.swift; path = TypeExtensions.swift; sourceTree = "<group>"; };
		A71B746E1EA4FD73003B28C1 /* InstructionsVC.swift */ = {isa = PBXFileReference; fileEncoding = 4; lastKnownFileType = sourcecode.swift; path = InstructionsVC.swift; sourceTree = "<group>"; };
		A74695A71E929EF400C18CC1 /* GoogleService-Info.plist */ = {isa = PBXFileReference; fileEncoding = 4; lastKnownFileType = text.plist.xml; path = "GoogleService-Info.plist"; sourceTree = "<group>"; };
		A74695AA1E92A14E00C18CC1 /* Secrets.swift */ = {isa = PBXFileReference; fileEncoding = 4; lastKnownFileType = sourcecode.swift; path = Secrets.swift; sourceTree = "<group>"; };
		A74695AC1E92A58B00C18CC1 /* FBSDKLoginKit.framework */ = {isa = PBXFileReference; lastKnownFileType = wrapper.framework; name = FBSDKLoginKit.framework; path = "../../../Downloads/FacebookSDKs-iOS-4.20.2/FBSDKLoginKit.framework"; sourceTree = "<group>"; };
		A74695B21E92AE3D00C18CC1 /* LoginVC.swift */ = {isa = PBXFileReference; fileEncoding = 4; lastKnownFileType = sourcecode.swift; path = LoginVC.swift; sourceTree = "<group>"; };
		A74695B41E92B33900C18CC1 /* HomeVC.swift */ = {isa = PBXFileReference; fileEncoding = 4; lastKnownFileType = sourcecode.swift; path = HomeVC.swift; sourceTree = "<group>"; };
		A7B426651E93E11300FF9352 /* Player.swift */ = {isa = PBXFileReference; fileEncoding = 4; lastKnownFileType = sourcecode.swift; path = Player.swift; sourceTree = "<group>"; };
		A7B426671E93E12100FF9352 /* FirebaseManager.swift */ = {isa = PBXFileReference; fileEncoding = 4; lastKnownFileType = sourcecode.swift; path = FirebaseManager.swift; sourceTree = "<group>"; };
		A7B426691E93E12C00FF9352 /* WatsonAPIClient.swift */ = {isa = PBXFileReference; fileEncoding = 4; lastKnownFileType = sourcecode.swift; path = WatsonAPIClient.swift; sourceTree = "<group>"; };
		A7B4266D1E93EA1500FF9352 /* NewGameVC.swift */ = {isa = PBXFileReference; fileEncoding = 4; lastKnownFileType = sourcecode.swift; path = NewGameVC.swift; sourceTree = "<group>"; };
		A7B4266F1E940A9600FF9352 /* FacebookManager.swift */ = {isa = PBXFileReference; fileEncoding = 4; lastKnownFileType = sourcecode.swift; path = FacebookManager.swift; sourceTree = "<group>"; };
		A7B426711E940C5B00FF9352 /* FacebookUser.swift */ = {isa = PBXFileReference; fileEncoding = 4; lastKnownFileType = sourcecode.swift; path = FacebookUser.swift; sourceTree = "<group>"; };
		A7B426731E9418CA00FF9352 /* FacebookFriendCell.swift */ = {isa = PBXFileReference; fileEncoding = 4; lastKnownFileType = sourcecode.swift; path = FacebookFriendCell.swift; sourceTree = "<group>"; };
		A7DF61321E9CF4CB0050C52E /* bellerose.ttf */ = {isa = PBXFileReference; lastKnownFileType = file; path = bellerose.ttf; sourceTree = "<group>"; };
		A7DF61331E9CF4CB0050C52E /* fabian.ttf */ = {isa = PBXFileReference; lastKnownFileType = file; path = fabian.ttf; sourceTree = "<group>"; };
		A7DF61351E9CF4CB0050C52E /* city.gif */ = {isa = PBXFileReference; lastKnownFileType = image.gif; path = city.gif; sourceTree = "<group>"; };
		A7DF61361E9CF4CB0050C52E /* highway.gif */ = {isa = PBXFileReference; lastKnownFileType = image.gif; path = highway.gif; sourceTree = "<group>"; };
		A7DF61371E9CF4CB0050C52E /* tropical.gif */ = {isa = PBXFileReference; lastKnownFileType = image.gif; path = tropical.gif; sourceTree = "<group>"; };
		A7DF613D1E9D4CCE0050C52E /* AppController.swift */ = {isa = PBXFileReference; fileEncoding = 4; lastKnownFileType = sourcecode.swift; path = AppController.swift; sourceTree = "<group>"; };
		A7F098B71E929B0C00BF3FAB /* HighwayBingo.app */ = {isa = PBXFileReference; explicitFileType = wrapper.application; includeInIndex = 0; path = HighwayBingo.app; sourceTree = BUILT_PRODUCTS_DIR; };
		A7F098BA1E929B0C00BF3FAB /* AppDelegate.swift */ = {isa = PBXFileReference; lastKnownFileType = sourcecode.swift; path = AppDelegate.swift; sourceTree = "<group>"; };
		A7F098BF1E929B0C00BF3FAB /* Base */ = {isa = PBXFileReference; lastKnownFileType = file.storyboard; name = Base; path = Base.lproj/Main.storyboard; sourceTree = "<group>"; };
		A7F098C11E929B0C00BF3FAB /* Assets.xcassets */ = {isa = PBXFileReference; lastKnownFileType = folder.assetcatalog; path = Assets.xcassets; sourceTree = "<group>"; };
		A7F098C41E929B0C00BF3FAB /* Base */ = {isa = PBXFileReference; lastKnownFileType = file.storyboard; name = Base; path = Base.lproj/LaunchScreen.storyboard; sourceTree = "<group>"; };
		A7F098C61E929B0C00BF3FAB /* Info.plist */ = {isa = PBXFileReference; lastKnownFileType = text.plist.xml; path = Info.plist; sourceTree = "<group>"; };
		BEAA057B1E9534960024DE2F /* BoardCollectionVC.swift */ = {isa = PBXFileReference; fileEncoding = 4; lastKnownFileType = sourcecode.swift; path = BoardCollectionVC.swift; sourceTree = "<group>"; };
		F022953B1E953BD8003247E1 /* BingoCollectionViewCell.swift */ = {isa = PBXFileReference; fileEncoding = 4; lastKnownFileType = sourcecode.swift; name = BingoCollectionViewCell.swift; path = ../Models/BingoCollectionViewCell.swift; sourceTree = "<group>"; };
		F02AB1AA1E92EC50006EE15C /* ImageVC.swift */ = {isa = PBXFileReference; fileEncoding = 4; lastKnownFileType = sourcecode.swift; path = ImageVC.swift; sourceTree = "<group>"; };
		F05B49B01E97D67C000EA57B /* PlayerCell.swift */ = {isa = PBXFileReference; fileEncoding = 4; lastKnownFileType = sourcecode.swift; path = PlayerCell.swift; sourceTree = "<group>"; };
		F063AC5F1E9E78B90030FBE4 /* PlayerPhoto.swift */ = {isa = PBXFileReference; fileEncoding = 4; lastKnownFileType = sourcecode.swift; path = PlayerPhoto.swift; sourceTree = "<group>"; };
		F09B0F5D1E96D62700F8828E /* GameOverviewVC.swift */ = {isa = PBXFileReference; fileEncoding = 4; lastKnownFileType = sourcecode.swift; path = GameOverviewVC.swift; sourceTree = "<group>"; };
		F0FC47511E95912700538C3C /* Board.swift */ = {isa = PBXFileReference; fileEncoding = 4; lastKnownFileType = sourcecode.swift; path = Board.swift; sourceTree = "<group>"; };
		F0FC47521E95912700538C3C /* Game.swift */ = {isa = PBXFileReference; fileEncoding = 4; lastKnownFileType = sourcecode.swift; path = Game.swift; sourceTree = "<group>"; };
		F0FC47551E95917800538C3C /* DataStore.swift */ = {isa = PBXFileReference; fileEncoding = 4; lastKnownFileType = sourcecode.swift; path = DataStore.swift; sourceTree = "<group>"; };
		F0FC47581E95918400538C3C /* PlayingGame.swift */ = {isa = PBXFileReference; fileEncoding = 4; lastKnownFileType = sourcecode.swift; path = PlayingGame.swift; sourceTree = "<group>"; };
		F0FC4B4A1E969CC900538C3C /* Messages.swift */ = {isa = PBXFileReference; fileEncoding = 4; lastKnownFileType = sourcecode.swift; path = Messages.swift; sourceTree = "<group>"; };
		F0FC4B4C1E969CDA00538C3C /* MessageModal.swift */ = {isa = PBXFileReference; fileEncoding = 4; lastKnownFileType = sourcecode.swift; path = MessageModal.swift; sourceTree = "<group>"; };
/* End PBXFileReference section */

/* Begin PBXFrameworksBuildPhase section */
		A7F098B41E929B0C00BF3FAB /* Frameworks */ = {
			isa = PBXFrameworksBuildPhase;
			buildActionMask = 2147483647;
			files = (
				A74695AD1E92A58B00C18CC1 /* FBSDKLoginKit.framework in Frameworks */,
				CA853300FC966A4B5328B33B /* Pods_HighwayBingo.framework in Frameworks */,
			);
			runOnlyForDeploymentPostprocessing = 0;
		};
/* End PBXFrameworksBuildPhase section */

/* Begin PBXGroup section */
		5EEBE07EB0875BEFEDD5A87F /* Frameworks */ = {
			isa = PBXGroup;
			children = (
				A74695AC1E92A58B00C18CC1 /* FBSDKLoginKit.framework */,
				01EC9F0729B09753776D98D0 /* Pods_HighwayBingo.framework */,
			);
			name = Frameworks;
			sourceTree = "<group>";
		};
		A74695A91E92A14E00C18CC1 /* Lib */ = {
			isa = PBXGroup;
			children = (
				A7DF61311E9CF4CB0050C52E /* Fonts */,
				A7DF61341E9CF4CB0050C52E /* Gifs */,
				A74695AA1E92A14E00C18CC1 /* Secrets.swift */,
				7D2D7C2F1E92FB00006E46D6 /* TypeExtensions.swift */,
			);
			path = Lib;
			sourceTree = "<group>";
		};
		A74695AE1E92AE0E00C18CC1 /* Networking */ = {
			isa = PBXGroup;
			children = (
				A7B4266F1E940A9600FF9352 /* FacebookManager.swift */,
				A7B426671E93E12100FF9352 /* FirebaseManager.swift */,
				A7B426691E93E12C00FF9352 /* WatsonAPIClient.swift */,
			);
			path = Networking;
			sourceTree = "<group>";
		};
		A74695B11E92AE3D00C18CC1 /* Views */ = {
			isa = PBXGroup;
			children = (
				BEAA057B1E9534960024DE2F /* BoardCollectionVC.swift */,
				A74695B41E92B33900C18CC1 /* HomeVC.swift */,
				F02AB1AA1E92EC50006EE15C /* ImageVC.swift */,
				A71B746E1EA4FD73003B28C1 /* InstructionsVC.swift */,
				A74695B21E92AE3D00C18CC1 /* LoginVC.swift */,
				F05B49B01E97D67C000EA57B /* PlayerCell.swift */,
				F09B0F5D1E96D62700F8828E /* GameOverviewVC.swift */,
				A7B426731E9418CA00FF9352 /* FacebookFriendCell.swift */,
				F022953B1E953BD8003247E1 /* BingoCollectionViewCell.swift */,
				A7B4266D1E93EA1500FF9352 /* NewGameVC.swift */,
				F0FC47571E95918400538C3C /* Subviews */,
			);
			path = Views;
			sourceTree = "<group>";
		};
		A74695B61E92CA7200C18CC1 /* Models */ = {
			isa = PBXGroup;
			children = (
				A7B426711E940C5B00FF9352 /* FacebookUser.swift */,
				F0FC4B4A1E969CC900538C3C /* Messages.swift */,
				F0FC47511E95912700538C3C /* Board.swift */,
				F0FC47521E95912700538C3C /* Game.swift */,
				A7B426651E93E11300FF9352 /* Player.swift */,
			);
			path = Models;
			sourceTree = "<group>";
		};
		A7DF61311E9CF4CB0050C52E /* Fonts */ = {
			isa = PBXGroup;
			children = (
				A7DF61321E9CF4CB0050C52E /* bellerose.ttf */,
				A7DF61331E9CF4CB0050C52E /* fabian.ttf */,
			);
			path = Fonts;
			sourceTree = "<group>";
		};
		A7DF61341E9CF4CB0050C52E /* Gifs */ = {
			isa = PBXGroup;
			children = (
				A7DF61351E9CF4CB0050C52E /* city.gif */,
				A7DF61361E9CF4CB0050C52E /* highway.gif */,
				A7DF61371E9CF4CB0050C52E /* tropical.gif */,
			);
			path = Gifs;
			sourceTree = "<group>";
		};
		A7F098AE1E929B0C00BF3FAB = {
			isa = PBXGroup;
			children = (
				A7F098B91E929B0C00BF3FAB /* HighwayBingo */,
				A7F098B81E929B0C00BF3FAB /* Products */,
				FDA667B6F1018B1B68EA2232 /* Pods */,
				5EEBE07EB0875BEFEDD5A87F /* Frameworks */,
			);
			sourceTree = "<group>";
		};
		A7F098B81E929B0C00BF3FAB /* Products */ = {
			isa = PBXGroup;
			children = (
				A7F098B71E929B0C00BF3FAB /* HighwayBingo.app */,
			);
			name = Products;
			sourceTree = "<group>";
		};
		A7F098B91E929B0C00BF3FAB /* HighwayBingo */ = {
			isa = PBXGroup;
			children = (
				A7DF613D1E9D4CCE0050C52E /* AppController.swift */,
				A7F098BA1E929B0C00BF3FAB /* AppDelegate.swift */,
				F0FC47551E95917800538C3C /* DataStore.swift */,
				A7F098C11E929B0C00BF3FAB /* Assets.xcassets */,
				A7F098BE1E929B0C00BF3FAB /* Main.storyboard */,
				A7F098C31E929B0C00BF3FAB /* LaunchScreen.storyboard */,
				A74695A71E929EF400C18CC1 /* GoogleService-Info.plist */,
				A7F098C61E929B0C00BF3FAB /* Info.plist */,
				A74695A91E92A14E00C18CC1 /* Lib */,
				A74695B61E92CA7200C18CC1 /* Models */,
				A74695AE1E92AE0E00C18CC1 /* Networking */,
				A74695B11E92AE3D00C18CC1 /* Views */,
			);
			path = HighwayBingo;
			sourceTree = "<group>";
		};
		F0FC47571E95918400538C3C /* Subviews */ = {
			isa = PBXGroup;
			children = (
				F0FC4B4C1E969CDA00538C3C /* MessageModal.swift */,
				F0FC47581E95918400538C3C /* PlayingGame.swift */,
				F063AC5F1E9E78B90030FBE4 /* PlayerPhoto.swift */,
			);
			path = Subviews;
			sourceTree = "<group>";
		};
		FDA667B6F1018B1B68EA2232 /* Pods */ = {
			isa = PBXGroup;
			children = (
				147540FFA226930511475AE7 /* Pods-HighwayBingo.debug.xcconfig */,
				074ED3FCE8F94180214CACFC /* Pods-HighwayBingo.release.xcconfig */,
			);
			name = Pods;
			sourceTree = "<group>";
		};
/* End PBXGroup section */

/* Begin PBXNativeTarget section */
		A7F098B61E929B0C00BF3FAB /* HighwayBingo */ = {
			isa = PBXNativeTarget;
			buildConfigurationList = A7F098C91E929B0C00BF3FAB /* Build configuration list for PBXNativeTarget "HighwayBingo" */;
			buildPhases = (
				92542BFB505A666BA1ED74B5 /* [CP] Check Pods Manifest.lock */,
				A7F098B31E929B0C00BF3FAB /* Sources */,
				A7F098B41E929B0C00BF3FAB /* Frameworks */,
				A7F098B51E929B0C00BF3FAB /* Resources */,
				6ECD3BD16B0BA8ED3D1318D5 /* [CP] Embed Pods Frameworks */,
				119E26CBCF74085B0E713BA3 /* [CP] Copy Pods Resources */,
			);
			buildRules = (
			);
			dependencies = (
			);
			name = HighwayBingo;
			productName = HighwayBingo;
			productReference = A7F098B71E929B0C00BF3FAB /* HighwayBingo.app */;
			productType = "com.apple.product-type.application";
		};
/* End PBXNativeTarget section */

/* Begin PBXProject section */
		A7F098AF1E929B0C00BF3FAB /* Project object */ = {
			isa = PBXProject;
			attributes = {
				LastSwiftUpdateCheck = 0830;
				LastUpgradeCheck = 0830;
				ORGANIZATIONNAME = "Oliver ";
				TargetAttributes = {
					A7F098B61E929B0C00BF3FAB = {
						CreatedOnToolsVersion = 8.3;
						DevelopmentTeam = VX33YRD3F6;
						ProvisioningStyle = Automatic;
					};
				};
			};
			buildConfigurationList = A7F098B21E929B0C00BF3FAB /* Build configuration list for PBXProject "HighwayBingo" */;
			compatibilityVersion = "Xcode 3.2";
			developmentRegion = English;
			hasScannedForEncodings = 0;
			knownRegions = (
				en,
				Base,
			);
			mainGroup = A7F098AE1E929B0C00BF3FAB;
			productRefGroup = A7F098B81E929B0C00BF3FAB /* Products */;
			projectDirPath = "";
			projectRoot = "";
			targets = (
				A7F098B61E929B0C00BF3FAB /* HighwayBingo */,
			);
		};
/* End PBXProject section */

/* Begin PBXResourcesBuildPhase section */
		A7F098B51E929B0C00BF3FAB /* Resources */ = {
			isa = PBXResourcesBuildPhase;
			buildActionMask = 2147483647;
			files = (
				A7DF613B1E9CF4CB0050C52E /* highway.gif in Resources */,
				A7F098C51E929B0C00BF3FAB /* LaunchScreen.storyboard in Resources */,
				A7DF61381E9CF4CB0050C52E /* bellerose.ttf in Resources */,
				A74695A81E929EF400C18CC1 /* GoogleService-Info.plist in Resources */,
				A7DF613C1E9CF4CB0050C52E /* tropical.gif in Resources */,
				A7DF61391E9CF4CB0050C52E /* fabian.ttf in Resources */,
				A7DF613A1E9CF4CB0050C52E /* city.gif in Resources */,
				A7F098C21E929B0C00BF3FAB /* Assets.xcassets in Resources */,
				A7F098C01E929B0C00BF3FAB /* Main.storyboard in Resources */,
			);
			runOnlyForDeploymentPostprocessing = 0;
		};
/* End PBXResourcesBuildPhase section */

/* Begin PBXShellScriptBuildPhase section */
		119E26CBCF74085B0E713BA3 /* [CP] Copy Pods Resources */ = {
			isa = PBXShellScriptBuildPhase;
			buildActionMask = 2147483647;
			files = (
			);
			inputPaths = (
			);
			name = "[CP] Copy Pods Resources";
			outputPaths = (
			);
			runOnlyForDeploymentPostprocessing = 0;
			shellPath = /bin/sh;
			shellScript = "\"${SRCROOT}/Pods/Target Support Files/Pods-HighwayBingo/Pods-HighwayBingo-resources.sh\"\n";
			showEnvVarsInLog = 0;
		};
		6ECD3BD16B0BA8ED3D1318D5 /* [CP] Embed Pods Frameworks */ = {
			isa = PBXShellScriptBuildPhase;
			buildActionMask = 2147483647;
			files = (
			);
			inputPaths = (
			);
			name = "[CP] Embed Pods Frameworks";
			outputPaths = (
			);
			runOnlyForDeploymentPostprocessing = 0;
			shellPath = /bin/sh;
			shellScript = "\"${SRCROOT}/Pods/Target Support Files/Pods-HighwayBingo/Pods-HighwayBingo-frameworks.sh\"\n";
			showEnvVarsInLog = 0;
		};
		92542BFB505A666BA1ED74B5 /* [CP] Check Pods Manifest.lock */ = {
			isa = PBXShellScriptBuildPhase;
			buildActionMask = 2147483647;
			files = (
			);
			inputPaths = (
			);
			name = "[CP] Check Pods Manifest.lock";
			outputPaths = (
			);
			runOnlyForDeploymentPostprocessing = 0;
			shellPath = /bin/sh;
			shellScript = "diff \"${PODS_ROOT}/../Podfile.lock\" \"${PODS_ROOT}/Manifest.lock\" > /dev/null\nif [ $? != 0 ] ; then\n    # print error to STDERR\n    echo \"error: The sandbox is not in sync with the Podfile.lock. Run 'pod install' or update your CocoaPods installation.\" >&2\n    exit 1\nfi\n";
			showEnvVarsInLog = 0;
		};
/* End PBXShellScriptBuildPhase section */

/* Begin PBXSourcesBuildPhase section */
		A7F098B31E929B0C00BF3FAB /* Sources */ = {
			isa = PBXSourcesBuildPhase;
			buildActionMask = 2147483647;
			files = (
				F0FC4B4D1E969CDA00538C3C /* MessageModal.swift in Sources */,
				F0FC4B4B1E969CC900538C3C /* Messages.swift in Sources */,
				F022953C1E953BD8003247E1 /* BingoCollectionViewCell.swift in Sources */,
				A7B426741E9418CA00FF9352 /* FacebookFriendCell.swift in Sources */,
				A7B426701E940A9600FF9352 /* FacebookManager.swift in Sources */,
				F05B49B11E97D67C000EA57B /* PlayerCell.swift in Sources */,
				F02AB1AB1E92EC50006EE15C /* ImageVC.swift in Sources */,
				A7B4266A1E93E12C00FF9352 /* WatsonAPIClient.swift in Sources */,
				A74695B51E92B33900C18CC1 /* HomeVC.swift in Sources */,
				A74695AB1E92A14E00C18CC1 /* Secrets.swift in Sources */,
				F0FC47561E95917800538C3C /* DataStore.swift in Sources */,
				A7DF613E1E9D4CCE0050C52E /* AppController.swift in Sources */,
				A7F098BB1E929B0C00BF3FAB /* AppDelegate.swift in Sources */,
				F063AC601E9E78B90030FBE4 /* PlayerPhoto.swift in Sources */,
				F09B0F5E1E96D62700F8828E /* GameOverviewVC.swift in Sources */,
				A7B426721E940C5B00FF9352 /* FacebookUser.swift in Sources */,
				F0FC47591E95918400538C3C /* PlayingGame.swift in Sources */,
				A7B426681E93E12100FF9352 /* FirebaseManager.swift in Sources */,
				A74695B31E92AE3D00C18CC1 /* LoginVC.swift in Sources */,
				A7B4266E1E93EA1500FF9352 /* NewGameVC.swift in Sources */,
				A7B426661E93E11300FF9352 /* Player.swift in Sources */,
				A71B746F1EA4FD73003B28C1 /* InstructionsVC.swift in Sources */,
				F0FC47541E95912700538C3C /* Game.swift in Sources */,
				7D2D7C301E92FB00006E46D6 /* TypeExtensions.swift in Sources */,
				F0FC47531E95912700538C3C /* Board.swift in Sources */,
				BEAA057C1E9534960024DE2F /* BoardCollectionVC.swift in Sources */,
			);
			runOnlyForDeploymentPostprocessing = 0;
		};
/* End PBXSourcesBuildPhase section */

/* Begin PBXVariantGroup section */
		A7F098BE1E929B0C00BF3FAB /* Main.storyboard */ = {
			isa = PBXVariantGroup;
			children = (
				A7F098BF1E929B0C00BF3FAB /* Base */,
			);
			name = Main.storyboard;
			sourceTree = "<group>";
		};
		A7F098C31E929B0C00BF3FAB /* LaunchScreen.storyboard */ = {
			isa = PBXVariantGroup;
			children = (
				A7F098C41E929B0C00BF3FAB /* Base */,
			);
			name = LaunchScreen.storyboard;
			sourceTree = "<group>";
		};
/* End PBXVariantGroup section */

/* Begin XCBuildConfiguration section */
		A7F098C71E929B0C00BF3FAB /* Debug */ = {
			isa = XCBuildConfiguration;
			buildSettings = {
				ALWAYS_SEARCH_USER_PATHS = NO;
				CLANG_ANALYZER_NONNULL = YES;
				CLANG_ANALYZER_NUMBER_OBJECT_CONVERSION = YES_AGGRESSIVE;
				CLANG_CXX_LANGUAGE_STANDARD = "gnu++0x";
				CLANG_CXX_LIBRARY = "libc++";
				CLANG_ENABLE_MODULES = YES;
				CLANG_ENABLE_OBJC_ARC = YES;
				CLANG_WARN_BOOL_CONVERSION = YES;
				CLANG_WARN_CONSTANT_CONVERSION = YES;
				CLANG_WARN_DIRECT_OBJC_ISA_USAGE = YES_ERROR;
				CLANG_WARN_DOCUMENTATION_COMMENTS = YES;
				CLANG_WARN_EMPTY_BODY = YES;
				CLANG_WARN_ENUM_CONVERSION = YES;
				CLANG_WARN_INFINITE_RECURSION = YES;
				CLANG_WARN_INT_CONVERSION = YES;
				CLANG_WARN_OBJC_ROOT_CLASS = YES_ERROR;
				CLANG_WARN_SUSPICIOUS_MOVE = YES;
				CLANG_WARN_UNREACHABLE_CODE = YES;
				CLANG_WARN__DUPLICATE_METHOD_MATCH = YES;
				"CODE_SIGN_IDENTITY[sdk=iphoneos*]" = "iPhone Developer";
				COPY_PHASE_STRIP = NO;
				DEBUG_INFORMATION_FORMAT = dwarf;
				ENABLE_STRICT_OBJC_MSGSEND = YES;
				ENABLE_TESTABILITY = YES;
				GCC_C_LANGUAGE_STANDARD = gnu99;
				GCC_DYNAMIC_NO_PIC = NO;
				GCC_NO_COMMON_BLOCKS = YES;
				GCC_OPTIMIZATION_LEVEL = 0;
				GCC_PREPROCESSOR_DEFINITIONS = (
					"DEBUG=1",
					"$(inherited)",
				);
				GCC_WARN_64_TO_32_BIT_CONVERSION = YES;
				GCC_WARN_ABOUT_RETURN_TYPE = YES_ERROR;
				GCC_WARN_UNDECLARED_SELECTOR = YES;
				GCC_WARN_UNINITIALIZED_AUTOS = YES_AGGRESSIVE;
				GCC_WARN_UNUSED_FUNCTION = YES;
				GCC_WARN_UNUSED_VARIABLE = YES;
				IPHONEOS_DEPLOYMENT_TARGET = 10.3;
				MTL_ENABLE_DEBUG_INFO = YES;
				ONLY_ACTIVE_ARCH = YES;
				SDKROOT = iphoneos;
				SWIFT_ACTIVE_COMPILATION_CONDITIONS = DEBUG;
				SWIFT_OPTIMIZATION_LEVEL = "-Onone";
				TARGETED_DEVICE_FAMILY = "1,2";
			};
			name = Debug;
		};
		A7F098C81E929B0C00BF3FAB /* Release */ = {
			isa = XCBuildConfiguration;
			buildSettings = {
				ALWAYS_SEARCH_USER_PATHS = NO;
				CLANG_ANALYZER_NONNULL = YES;
				CLANG_ANALYZER_NUMBER_OBJECT_CONVERSION = YES_AGGRESSIVE;
				CLANG_CXX_LANGUAGE_STANDARD = "gnu++0x";
				CLANG_CXX_LIBRARY = "libc++";
				CLANG_ENABLE_MODULES = YES;
				CLANG_ENABLE_OBJC_ARC = YES;
				CLANG_WARN_BOOL_CONVERSION = YES;
				CLANG_WARN_CONSTANT_CONVERSION = YES;
				CLANG_WARN_DIRECT_OBJC_ISA_USAGE = YES_ERROR;
				CLANG_WARN_DOCUMENTATION_COMMENTS = YES;
				CLANG_WARN_EMPTY_BODY = YES;
				CLANG_WARN_ENUM_CONVERSION = YES;
				CLANG_WARN_INFINITE_RECURSION = YES;
				CLANG_WARN_INT_CONVERSION = YES;
				CLANG_WARN_OBJC_ROOT_CLASS = YES_ERROR;
				CLANG_WARN_SUSPICIOUS_MOVE = YES;
				CLANG_WARN_UNREACHABLE_CODE = YES;
				CLANG_WARN__DUPLICATE_METHOD_MATCH = YES;
				"CODE_SIGN_IDENTITY[sdk=iphoneos*]" = "iPhone Developer";
				COPY_PHASE_STRIP = NO;
				DEBUG_INFORMATION_FORMAT = "dwarf-with-dsym";
				ENABLE_NS_ASSERTIONS = NO;
				ENABLE_STRICT_OBJC_MSGSEND = YES;
				GCC_C_LANGUAGE_STANDARD = gnu99;
				GCC_NO_COMMON_BLOCKS = YES;
				GCC_WARN_64_TO_32_BIT_CONVERSION = YES;
				GCC_WARN_ABOUT_RETURN_TYPE = YES_ERROR;
				GCC_WARN_UNDECLARED_SELECTOR = YES;
				GCC_WARN_UNINITIALIZED_AUTOS = YES_AGGRESSIVE;
				GCC_WARN_UNUSED_FUNCTION = YES;
				GCC_WARN_UNUSED_VARIABLE = YES;
				IPHONEOS_DEPLOYMENT_TARGET = 10.3;
				MTL_ENABLE_DEBUG_INFO = NO;
				SDKROOT = iphoneos;
				SWIFT_OPTIMIZATION_LEVEL = "-Owholemodule";
				TARGETED_DEVICE_FAMILY = "1,2";
				VALIDATE_PRODUCT = YES;
			};
			name = Release;
		};
		A7F098CA1E929B0C00BF3FAB /* Debug */ = {
			isa = XCBuildConfiguration;
			baseConfigurationReference = 147540FFA226930511475AE7 /* Pods-HighwayBingo.debug.xcconfig */;
			buildSettings = {
				ASSETCATALOG_COMPILER_APPICON_NAME = AppIcon;
				DEVELOPMENT_TEAM = VX33YRD3F6;
				FRAMEWORK_SEARCH_PATHS = (
					"$(inherited)",
					"\"$PODS_CONFIGURATION_BUILD_DIR/Alamofire\"",
					"\"$PODS_CONFIGURATION_BUILD_DIR/GTMSessionFetcher\"",
					"\"$PODS_CONFIGURATION_BUILD_DIR/GoogleToolboxForMac\"",
					"\"${PODS_ROOT}/FirebaseAnalytics/Frameworks\"",
					"\"${PODS_ROOT}/FirebaseAuth/Frameworks\"",
					"\"${PODS_ROOT}/FirebaseCore/Frameworks\"",
					"\"${PODS_ROOT}/FirebaseInstanceID/Frameworks\"",
					"\"$PODS_CONFIGURATION_BUILD_DIR/FacebookSDK\"",
				);
				INFOPLIST_FILE = HighwayBingo/Info.plist;
				LD_RUNPATH_SEARCH_PATHS = "$(inherited) @executable_path/Frameworks";
				PRODUCT_BUNDLE_IDENTIFIER = com.Oliver.Dronestrike;
				PRODUCT_NAME = "$(TARGET_NAME)";
				SWIFT_VERSION = 3.0;
			};
			name = Debug;
		};
		A7F098CB1E929B0C00BF3FAB /* Release */ = {
			isa = XCBuildConfiguration;
			baseConfigurationReference = 074ED3FCE8F94180214CACFC /* Pods-HighwayBingo.release.xcconfig */;
			buildSettings = {
				ASSETCATALOG_COMPILER_APPICON_NAME = AppIcon;
				DEVELOPMENT_TEAM = VX33YRD3F6;
				FRAMEWORK_SEARCH_PATHS = (
					"$(inherited)",
					"\"$PODS_CONFIGURATION_BUILD_DIR/Alamofire\"",
					"\"$PODS_CONFIGURATION_BUILD_DIR/GTMSessionFetcher\"",
					"\"$PODS_CONFIGURATION_BUILD_DIR/GoogleToolboxForMac\"",
					"\"${PODS_ROOT}/FirebaseAnalytics/Frameworks\"",
					"\"${PODS_ROOT}/FirebaseAuth/Frameworks\"",
					"\"${PODS_ROOT}/FirebaseCore/Frameworks\"",
					"\"${PODS_ROOT}/FirebaseInstanceID/Frameworks\"",
					"\"$PODS_CONFIGURATION_BUILD_DIR/FacebookSDK\"",
				);
				INFOPLIST_FILE = HighwayBingo/Info.plist;
				LD_RUNPATH_SEARCH_PATHS = "$(inherited) @executable_path/Frameworks";
				PRODUCT_BUNDLE_IDENTIFIER = com.Oliver.Dronestrike;
				PRODUCT_NAME = "$(TARGET_NAME)";
				SWIFT_VERSION = 3.0;
			};
			name = Release;
		};
/* End XCBuildConfiguration section */

/* Begin XCConfigurationList section */
		A7F098B21E929B0C00BF3FAB /* Build configuration list for PBXProject "HighwayBingo" */ = {
			isa = XCConfigurationList;
			buildConfigurations = (
				A7F098C71E929B0C00BF3FAB /* Debug */,
				A7F098C81E929B0C00BF3FAB /* Release */,
			);
			defaultConfigurationIsVisible = 0;
			defaultConfigurationName = Release;
		};
		A7F098C91E929B0C00BF3FAB /* Build configuration list for PBXNativeTarget "HighwayBingo" */ = {
			isa = XCConfigurationList;
			buildConfigurations = (
				A7F098CA1E929B0C00BF3FAB /* Debug */,
				A7F098CB1E929B0C00BF3FAB /* Release */,
			);
			defaultConfigurationIsVisible = 0;
			defaultConfigurationName = Release;
		};
/* End XCConfigurationList section */
	};
	rootObject = A7F098AF1E929B0C00BF3FAB /* Project object */;
}
